{
    "_meta": {
        "hash": {
            "sha256": "eb49ae9a47fafa7b38e5321a845d9a3d84a2a841a629fb744ecea26dd353da21"
        },
        "pipfile-spec": 6,
        "requires": {
            "python_version": "3.9"
        },
        "sources": [
            {
                "name": "pypi",
                "url": "https://pypi.org/simple",
                "verify_ssl": true
            }
        ]
    },
    "default": {},
    "develop": {}
}
