{
    "_meta": {
        "hash": {
            "sha256": "f21a2c0bbf7171b94d03f2a017921da8dfa284d7becc3af2ebc4d9c7f7269297"
        },
        "pipfile-spec": 6,
        "requires": {
            "python_version": "3.11"
        },
        "sources": [
            {
                "name": "pypi",
                "url": "https://pypi.org/simple",
                "verify_ssl": true
            }
        ]
    },
    "default": {},
    "develop": {}
}
